{
  "name": "user-center",
  "version": "1.0.0",
  "lockfileVersion": 3,
  "requires": true,
  "packages": {
    "": {
      "name": "user-center",
      "version": "1.0.0",
      "dependencies": {
        "cloud-shared": "file:../common/cloud-shared",
        "custom-auth": "file:../common/custom-auth"
      }
    },
    "../../../uni_modules/uni-config-center/uniCloud/cloudfunctions/common/uni-config-center": {
      "extraneous": true
    },
    "../common/cloud-shared": {
      "version": "1.0.0"
    },
    "../common/custom-auth": {
      "version": "1.0.0"
    },
    "node_modules/cloud-shared": {
      "resolved": "../common/cloud-shared",
      "link": true
    },
    "node_modules/custom-auth": {
      "resolved": "../common/custom-auth",
      "link": true
    }
  }
}
